
Microsoft Visual Studio Solution File, Format Version 12.00
# Visual Studio 2013
VisualStudioVersion = 12.0.31101.0
MinimumVisualStudioVersion = 10.0.40219.1
Project("{FAE04EC0-301F-11D3-BF4B-00C04F79EFBC}") = "Week 7 Debug", "Week 7 Debug\Week 7 Debug.csproj", "{F904B653-0540-4E0A-9BDC-C416645DECCE}"
EndProject
Global
	GlobalSection(SolutionConfigurationPlatforms) = preSolution
		Debug|Any CPU = Debug|Any CPU
		Release|Any CPU = Release|Any CPU
	EndGlobalSection
	GlobalSection(ProjectConfigurationPlatforms) = postSolution
		{F904B653-0540-4E0A-9BDC-C416645DECCE}.Debug|Any CPU.ActiveCfg = Debug|Any CPU
		{F904B653-0540-4E0A-9BDC-C416645DECCE}.Debug|Any CPU.Build.0 = Debug|Any CPU
		{F904B653-0540-4E0A-9BDC-C416645DECCE}.Release|Any CPU.ActiveCfg = Release|Any CPU
		{F904B653-0540-4E0A-9BDC-C416645DECCE}.Release|Any CPU.Build.0 = Release|Any CPU
	EndGlobalSection
	GlobalSection(SolutionProperties) = preSolution
		HideSolutionNode = FALSE
	EndGlobalSection
EndGlobal
